
Microsoft Visual Studio Solution File, Format Version 12.00
# Visual Studio Version 17
VisualStudioVersion = 17.7.34221.43
MinimumVisualStudioVersion = 10.0.40219.1
Project("{FAE04EC0-301F-11D3-BF4B-00C04F79EFBC}") = "MovieWebApi", "MovieWebApi\MovieWebApi.csproj", "{4D57EDAD-1908-4E0D-835E-52328DE05AC5}"
EndProject
Global
	GlobalSection(SolutionConfigurationPlatforms) = preSolution
		Debug|Any CPU = Debug|Any CPU
		Release|Any CPU = Release|Any CPU
	EndGlobalSection
	GlobalSection(ProjectConfigurationPlatforms) = postSolution
		{4D57EDAD-1908-4E0D-835E-52328DE05AC5}.Debug|Any CPU.ActiveCfg = Debug|Any CPU
		{4D57EDAD-1908-4E0D-835E-52328DE05AC5}.Debug|Any CPU.Build.0 = Debug|Any CPU
		{4D57EDAD-1908-4E0D-835E-52328DE05AC5}.Release|Any CPU.ActiveCfg = Release|Any CPU
		{4D57EDAD-1908-4E0D-835E-52328DE05AC5}.Release|Any CPU.Build.0 = Release|Any CPU
	EndGlobalSection
	GlobalSection(SolutionProperties) = preSolution
		HideSolutionNode = FALSE
	EndGlobalSection
	GlobalSection(ExtensibilityGlobals) = postSolution
		SolutionGuid = {49A3DB09-F9D2-49F0-85FA-2546DC344945}
	EndGlobalSection
EndGlobal
